
Microsoft Visual Studio Solution File, Format Version 12.00
# Visual Studio 15
Project("{FAE04EC0-301F-11D3-BF4B-00C04F79EFBC}") = "CRZ.Framework.Cloud.AWS", "CRZ.Framework.Cloud.AWS\CRZ.Framework.Cloud.AWS.csproj", "{49332016-62B7-4DED-A759-E791B1936667}"
EndProject
Project("{FAE04EC0-301F-11D3-BF4B-00C04F79EFBC}") = "CRZ.Framework.Domain", "CRZ.Framework.Domain\CRZ.Framework.Domain.csproj", "{E8871592-A6A3-4A3E-806F-1455A37832A9}"
EndProject
Project("{FAE04EC0-301F-11D3-BF4B-00C04F79EFBC}") = "CRZ.Framework.Blockchain", "CRZ.Framework.Blockchain\CRZ.Framework.Blockchain.csproj", "{39EAFF14-1151-4366-BF5E-E0A2A12ECE5F}"
EndProject
Project("{FAE04EC0-301F-11D3-BF4B-00C04F79EFBC}") = "CRZ.Framework.CQRS", "CRZ.Framework.CQRS\CRZ.Framework.CQRS.csproj", "{E356610E-0C34-4A33-A5A7-5FA4A0684D53}"
EndProject
Project("{FAE04EC0-301F-11D3-BF4B-00C04F79EFBC}") = "CRZ.Framework.Cache", "CRZ.Framework.Cache\CRZ.Framework.Cache.csproj", "{BC6F2301-B5CD-4571-AAC7-36BAA9FC1D0A}"
EndProject
Project("{FAE04EC0-301F-11D3-BF4B-00C04F79EFBC}") = "CRZ.Framework.Cache.Redis", "CRZ.Framework.Cache.Redis\CRZ.Framework.Cache.Redis.csproj", "{E0E4CAB5-7B59-4176-890D-70728E05AD1E}"
EndProject
Project("{FAE04EC0-301F-11D3-BF4B-00C04F79EFBC}") = "CRZ.Framework.Cloud.AWS.S3", "CRZ.Framework.Cloud.AWS.S3\CRZ.Framework.Cloud.AWS.S3.csproj", "{18BFF746-6C12-4D13-BFA2-4D3F8166C6B3}"
EndProject
Project("{FAE04EC0-301F-11D3-BF4B-00C04F79EFBC}") = "CRZ.Framework.Cloud.AWS.Kinesis", "CRZ.Framework.Cloud.AWS.Kinesis\CRZ.Framework.Cloud.AWS.Kinesis.csproj", "{08B7021B-96CC-4E50-AAAD-1ED4A1F059C8}"
EndProject
Project("{FAE04EC0-301F-11D3-BF4B-00C04F79EFBC}") = "CRZ.Framework.Cloud.GCP", "CRZ.Framework.Cloud.GCP\CRZ.Framework.Cloud.GCP.csproj", "{B74AC175-258D-4E50-BAD8-8A09AC05D270}"
EndProject
Project("{2150E333-8FDC-42A3-9474-1A3956D46DE8}") = "Cloud", "Cloud", "{3FC2346D-1EB4-4514-9806-BB1917FE6BF5}"
EndProject
Project("{2150E333-8FDC-42A3-9474-1A3956D46DE8}") = "AWS", "AWS", "{A3F14326-CD42-44EC-B952-47C39EC402DD}"
EndProject
Project("{2150E333-8FDC-42A3-9474-1A3956D46DE8}") = "GCP", "GCP", "{654528D8-8763-4D3C-AC42-98B28FE1095B}"
EndProject
Project("{2150E333-8FDC-42A3-9474-1A3956D46DE8}") = "Cache", "Cache", "{AB846410-C1AD-40FD-90AC-F0417B497CB0}"
EndProject
Project("{FAE04EC0-301F-11D3-BF4B-00C04F79EFBC}") = "CRZ.Framework.Cloud.GCP.Storage", "CRZ.Framework.Cloud.GCP.Storage\CRZ.Framework.Cloud.GCP.Storage.csproj", "{9FF4E80B-590C-4204-A2E8-FEF742806ED9}"
EndProject
Project("{FAE04EC0-301F-11D3-BF4B-00C04F79EFBC}") = "CRZ.Framework.Cloud.GCP.Log", "CRZ.Framework.Cloud.GCP.Log\CRZ.Framework.Cloud.GCP.Log.csproj", "{8B538952-33CF-4EF3-B1BE-FE2994EDD752}"
EndProject
Project("{FAE04EC0-301F-11D3-BF4B-00C04F79EFBC}") = "CRZ.Framework.Web.Security", "CRZ.Framework.Web.Security\CRZ.Framework.Web.Security.csproj", "{374141D2-D389-4F29-A792-DCFE5104A609}"
EndProject
Project("{2150E333-8FDC-42A3-9474-1A3956D46DE8}") = "Web", "Web", "{749051B7-10BC-43AF-9C56-04CF88095863}"
EndProject
Project("{FAE04EC0-301F-11D3-BF4B-00C04F79EFBC}") = "CRZ.Framework.Web.Messages", "CRZ.Framework.Web.Messages\CRZ.Framework.Web.Messages.csproj", "{51B10979-C850-406C-9906-220E80C84196}"
EndProject
Project("{FAE04EC0-301F-11D3-BF4B-00C04F79EFBC}") = "CRZ.Framework.Repository.ADO", "CRZ.Framework.Repository.ADO\CRZ.Framework.Repository.ADO.csproj", "{2F3B1EE4-44B3-4ED1-926C-81FBA17A88BF}"
EndProject
Project("{2150E333-8FDC-42A3-9474-1A3956D46DE8}") = "Repositories", "Repositories", "{7BCC0699-2643-40DA-B20C-CEAB001ACBB9}"
EndProject
Project("{2150E333-8FDC-42A3-9474-1A3956D46DE8}") = "NoSQL", "NoSQL", "{C79D56AE-EFF9-4EC8-87C0-B0F6786B1BCF}"
EndProject
Project("{FAE04EC0-301F-11D3-BF4B-00C04F79EFBC}") = "CRZ.Framework.Repository.NoSQL.MongoDB", "CRZ.Framework.Repository.NoSQL.MongoDB\CRZ.Framework.Repository.NoSQL.MongoDB.csproj", "{314F056D-AC94-40C4-95C6-78A151BDB7D7}"
EndProject
Project("{FAE04EC0-301F-11D3-BF4B-00C04F79EFBC}") = "CRZ.Framework.Cloud.GCP.Queue", "CRZ.Framework.Cloud.GCP.Queue\CRZ.Framework.Cloud.GCP.Queue.csproj", "{83B8FDCF-C4CA-4A15-863F-B12AE908C9C5}"
EndProject
Project("{FAE04EC0-301F-11D3-BF4B-00C04F79EFBC}") = "CRZ.Framework.Utils", "CRZ.Framework.Utils\CRZ.Framework.Utils.csproj", "{28D635CE-A3BC-4817-81F5-CF0AE17D33F3}"
EndProject
Project("{FAE04EC0-301F-11D3-BF4B-00C04F79EFBC}") = "CRZ.Framework.Web.Http", "CRZ.Framework.Web.Http\CRZ.Framework.Web.Http.csproj", "{CB07D2C4-B5B4-4221-8891-65157A6154DA}"
EndProject
Project("{FAE04EC0-301F-11D3-BF4B-00C04F79EFBC}") = "CRZ.Framework.CronJobs", "CRZ.Framework.CronJobs\CRZ.Framework.CronJobs.csproj", "{07DF5D48-FE8E-4A85-B83F-5B6FF6FD1A23}"
EndProject
Project("{2150E333-8FDC-42A3-9474-1A3956D46DE8}") = "Data", "Data", "{D2D2B1DA-2E9E-4DEF-BA42-DE2DD38D5DB3}"
EndProject
Project("{FAE04EC0-301F-11D3-BF4B-00C04F79EFBC}") = "CRZ.Framework.Data", "CRZ.Framework.Data\CRZ.Framework.Data.csproj", "{8A6D5264-CAEA-4353-ABB1-FA9905C74E3A}"
EndProject
Project("{FAE04EC0-301F-11D3-BF4B-00C04F79EFBC}") = "CRZ.Framework.Repository", "CRZ.Framework.Repository\CRZ.Framework.Repository.csproj", "{BF889EE8-832A-4A9F-9469-D9E0671997F2}"
EndProject
Global
	GlobalSection(SolutionConfigurationPlatforms) = preSolution
		Debug|Any CPU = Debug|Any CPU
		Release|Any CPU = Release|Any CPU
	EndGlobalSection
	GlobalSection(ProjectConfigurationPlatforms) = postSolution
		{49332016-62B7-4DED-A759-E791B1936667}.Debug|Any CPU.ActiveCfg = Debug|Any CPU
		{49332016-62B7-4DED-A759-E791B1936667}.Debug|Any CPU.Build.0 = Debug|Any CPU
		{49332016-62B7-4DED-A759-E791B1936667}.Release|Any CPU.ActiveCfg = Release|Any CPU
		{49332016-62B7-4DED-A759-E791B1936667}.Release|Any CPU.Build.0 = Release|Any CPU
		{E8871592-A6A3-4A3E-806F-1455A37832A9}.Debug|Any CPU.ActiveCfg = Debug|Any CPU
		{E8871592-A6A3-4A3E-806F-1455A37832A9}.Debug|Any CPU.Build.0 = Debug|Any CPU
		{E8871592-A6A3-4A3E-806F-1455A37832A9}.Release|Any CPU.ActiveCfg = Release|Any CPU
		{E8871592-A6A3-4A3E-806F-1455A37832A9}.Release|Any CPU.Build.0 = Release|Any CPU
		{39EAFF14-1151-4366-BF5E-E0A2A12ECE5F}.Debug|Any CPU.ActiveCfg = Debug|Any CPU
		{39EAFF14-1151-4366-BF5E-E0A2A12ECE5F}.Debug|Any CPU.Build.0 = Debug|Any CPU
		{39EAFF14-1151-4366-BF5E-E0A2A12ECE5F}.Release|Any CPU.ActiveCfg = Release|Any CPU
		{39EAFF14-1151-4366-BF5E-E0A2A12ECE5F}.Release|Any CPU.Build.0 = Release|Any CPU
		{E356610E-0C34-4A33-A5A7-5FA4A0684D53}.Debug|Any CPU.ActiveCfg = Debug|Any CPU
		{E356610E-0C34-4A33-A5A7-5FA4A0684D53}.Debug|Any CPU.Build.0 = Debug|Any CPU
		{E356610E-0C34-4A33-A5A7-5FA4A0684D53}.Release|Any CPU.ActiveCfg = Release|Any CPU
		{E356610E-0C34-4A33-A5A7-5FA4A0684D53}.Release|Any CPU.Build.0 = Release|Any CPU
		{BC6F2301-B5CD-4571-AAC7-36BAA9FC1D0A}.Debug|Any CPU.ActiveCfg = Debug|Any CPU
		{BC6F2301-B5CD-4571-AAC7-36BAA9FC1D0A}.Debug|Any CPU.Build.0 = Debug|Any CPU
		{BC6F2301-B5CD-4571-AAC7-36BAA9FC1D0A}.Release|Any CPU.ActiveCfg = Release|Any CPU
		{BC6F2301-B5CD-4571-AAC7-36BAA9FC1D0A}.Release|Any CPU.Build.0 = Release|Any CPU
		{E0E4CAB5-7B59-4176-890D-70728E05AD1E}.Debug|Any CPU.ActiveCfg = Debug|Any CPU
		{E0E4CAB5-7B59-4176-890D-70728E05AD1E}.Debug|Any CPU.Build.0 = Debug|Any CPU
		{E0E4CAB5-7B59-4176-890D-70728E05AD1E}.Release|Any CPU.ActiveCfg = Release|Any CPU
		{E0E4CAB5-7B59-4176-890D-70728E05AD1E}.Release|Any CPU.Build.0 = Release|Any CPU
		{18BFF746-6C12-4D13-BFA2-4D3F8166C6B3}.Debug|Any CPU.ActiveCfg = Debug|Any CPU
		{18BFF746-6C12-4D13-BFA2-4D3F8166C6B3}.Debug|Any CPU.Build.0 = Debug|Any CPU
		{18BFF746-6C12-4D13-BFA2-4D3F8166C6B3}.Release|Any CPU.ActiveCfg = Release|Any CPU
		{18BFF746-6C12-4D13-BFA2-4D3F8166C6B3}.Release|Any CPU.Build.0 = Release|Any CPU
		{08B7021B-96CC-4E50-AAAD-1ED4A1F059C8}.Debug|Any CPU.ActiveCfg = Debug|Any CPU
		{08B7021B-96CC-4E50-AAAD-1ED4A1F059C8}.Debug|Any CPU.Build.0 = Debug|Any CPU
		{08B7021B-96CC-4E50-AAAD-1ED4A1F059C8}.Release|Any CPU.ActiveCfg = Release|Any CPU
		{08B7021B-96CC-4E50-AAAD-1ED4A1F059C8}.Release|Any CPU.Build.0 = Release|Any CPU
		{B74AC175-258D-4E50-BAD8-8A09AC05D270}.Debug|Any CPU.ActiveCfg = Debug|Any CPU
		{B74AC175-258D-4E50-BAD8-8A09AC05D270}.Debug|Any CPU.Build.0 = Debug|Any CPU
		{B74AC175-258D-4E50-BAD8-8A09AC05D270}.Release|Any CPU.ActiveCfg = Release|Any CPU
		{B74AC175-258D-4E50-BAD8-8A09AC05D270}.Release|Any CPU.Build.0 = Release|Any CPU
		{9FF4E80B-590C-4204-A2E8-FEF742806ED9}.Debug|Any CPU.ActiveCfg = Debug|Any CPU
		{9FF4E80B-590C-4204-A2E8-FEF742806ED9}.Debug|Any CPU.Build.0 = Debug|Any CPU
		{9FF4E80B-590C-4204-A2E8-FEF742806ED9}.Release|Any CPU.ActiveCfg = Release|Any CPU
		{9FF4E80B-590C-4204-A2E8-FEF742806ED9}.Release|Any CPU.Build.0 = Release|Any CPU
		{8B538952-33CF-4EF3-B1BE-FE2994EDD752}.Debug|Any CPU.ActiveCfg = Debug|Any CPU
		{8B538952-33CF-4EF3-B1BE-FE2994EDD752}.Debug|Any CPU.Build.0 = Debug|Any CPU
		{8B538952-33CF-4EF3-B1BE-FE2994EDD752}.Release|Any CPU.ActiveCfg = Release|Any CPU
		{8B538952-33CF-4EF3-B1BE-FE2994EDD752}.Release|Any CPU.Build.0 = Release|Any CPU
		{374141D2-D389-4F29-A792-DCFE5104A609}.Debug|Any CPU.ActiveCfg = Debug|Any CPU
		{374141D2-D389-4F29-A792-DCFE5104A609}.Debug|Any CPU.Build.0 = Debug|Any CPU
		{374141D2-D389-4F29-A792-DCFE5104A609}.Release|Any CPU.ActiveCfg = Release|Any CPU
		{374141D2-D389-4F29-A792-DCFE5104A609}.Release|Any CPU.Build.0 = Release|Any CPU
		{51B10979-C850-406C-9906-220E80C84196}.Debug|Any CPU.ActiveCfg = Debug|Any CPU
		{51B10979-C850-406C-9906-220E80C84196}.Debug|Any CPU.Build.0 = Debug|Any CPU
		{51B10979-C850-406C-9906-220E80C84196}.Release|Any CPU.ActiveCfg = Release|Any CPU
		{51B10979-C850-406C-9906-220E80C84196}.Release|Any CPU.Build.0 = Release|Any CPU
		{2F3B1EE4-44B3-4ED1-926C-81FBA17A88BF}.Debug|Any CPU.ActiveCfg = Debug|Any CPU
		{2F3B1EE4-44B3-4ED1-926C-81FBA17A88BF}.Debug|Any CPU.Build.0 = Debug|Any CPU
		{2F3B1EE4-44B3-4ED1-926C-81FBA17A88BF}.Release|Any CPU.ActiveCfg = Release|Any CPU
		{2F3B1EE4-44B3-4ED1-926C-81FBA17A88BF}.Release|Any CPU.Build.0 = Release|Any CPU
		{314F056D-AC94-40C4-95C6-78A151BDB7D7}.Debug|Any CPU.ActiveCfg = Debug|Any CPU
		{314F056D-AC94-40C4-95C6-78A151BDB7D7}.Debug|Any CPU.Build.0 = Debug|Any CPU
		{314F056D-AC94-40C4-95C6-78A151BDB7D7}.Release|Any CPU.ActiveCfg = Release|Any CPU
		{314F056D-AC94-40C4-95C6-78A151BDB7D7}.Release|Any CPU.Build.0 = Release|Any CPU
		{83B8FDCF-C4CA-4A15-863F-B12AE908C9C5}.Debug|Any CPU.ActiveCfg = Debug|Any CPU
		{83B8FDCF-C4CA-4A15-863F-B12AE908C9C5}.Debug|Any CPU.Build.0 = Debug|Any CPU
		{83B8FDCF-C4CA-4A15-863F-B12AE908C9C5}.Release|Any CPU.ActiveCfg = Release|Any CPU
		{83B8FDCF-C4CA-4A15-863F-B12AE908C9C5}.Release|Any CPU.Build.0 = Release|Any CPU
		{28D635CE-A3BC-4817-81F5-CF0AE17D33F3}.Debug|Any CPU.ActiveCfg = Debug|Any CPU
		{28D635CE-A3BC-4817-81F5-CF0AE17D33F3}.Debug|Any CPU.Build.0 = Debug|Any CPU
		{28D635CE-A3BC-4817-81F5-CF0AE17D33F3}.Release|Any CPU.ActiveCfg = Release|Any CPU
		{28D635CE-A3BC-4817-81F5-CF0AE17D33F3}.Release|Any CPU.Build.0 = Release|Any CPU
		{CB07D2C4-B5B4-4221-8891-65157A6154DA}.Debug|Any CPU.ActiveCfg = Debug|Any CPU
		{CB07D2C4-B5B4-4221-8891-65157A6154DA}.Debug|Any CPU.Build.0 = Debug|Any CPU
		{CB07D2C4-B5B4-4221-8891-65157A6154DA}.Release|Any CPU.ActiveCfg = Release|Any CPU
		{CB07D2C4-B5B4-4221-8891-65157A6154DA}.Release|Any CPU.Build.0 = Release|Any CPU
		{07DF5D48-FE8E-4A85-B83F-5B6FF6FD1A23}.Debug|Any CPU.ActiveCfg = Debug|Any CPU
		{07DF5D48-FE8E-4A85-B83F-5B6FF6FD1A23}.Debug|Any CPU.Build.0 = Debug|Any CPU
		{07DF5D48-FE8E-4A85-B83F-5B6FF6FD1A23}.Release|Any CPU.ActiveCfg = Release|Any CPU
		{07DF5D48-FE8E-4A85-B83F-5B6FF6FD1A23}.Release|Any CPU.Build.0 = Release|Any CPU
		{8A6D5264-CAEA-4353-ABB1-FA9905C74E3A}.Debug|Any CPU.ActiveCfg = Debug|Any CPU
		{8A6D5264-CAEA-4353-ABB1-FA9905C74E3A}.Debug|Any CPU.Build.0 = Debug|Any CPU
		{8A6D5264-CAEA-4353-ABB1-FA9905C74E3A}.Release|Any CPU.ActiveCfg = Release|Any CPU
		{8A6D5264-CAEA-4353-ABB1-FA9905C74E3A}.Release|Any CPU.Build.0 = Release|Any CPU
		{BF889EE8-832A-4A9F-9469-D9E0671997F2}.Debug|Any CPU.ActiveCfg = Debug|Any CPU
		{BF889EE8-832A-4A9F-9469-D9E0671997F2}.Debug|Any CPU.Build.0 = Debug|Any CPU
		{BF889EE8-832A-4A9F-9469-D9E0671997F2}.Release|Any CPU.ActiveCfg = Release|Any CPU
		{BF889EE8-832A-4A9F-9469-D9E0671997F2}.Release|Any CPU.Build.0 = Release|Any CPU
	EndGlobalSection
	GlobalSection(NestedProjects) = preSolution
		{49332016-62B7-4DED-A759-E791B1936667} = {A3F14326-CD42-44EC-B952-47C39EC402DD}
		{08B7021B-96CC-4E50-AAAD-1ED4A1F059C8} = {A3F14326-CD42-44EC-B952-47C39EC402DD}
		{18BFF746-6C12-4D13-BFA2-4D3F8166C6B3} = {A3F14326-CD42-44EC-B952-47C39EC402DD}
		{B74AC175-258D-4E50-BAD8-8A09AC05D270} = {654528D8-8763-4D3C-AC42-98B28FE1095B}
		{A3F14326-CD42-44EC-B952-47C39EC402DD} = {3FC2346D-1EB4-4514-9806-BB1917FE6BF5}
		{654528D8-8763-4D3C-AC42-98B28FE1095B} = {3FC2346D-1EB4-4514-9806-BB1917FE6BF5}
		{BC6F2301-B5CD-4571-AAC7-36BAA9FC1D0A} = {AB846410-C1AD-40FD-90AC-F0417B497CB0}
		{E0E4CAB5-7B59-4176-890D-70728E05AD1E} = {AB846410-C1AD-40FD-90AC-F0417B497CB0}
		{9FF4E80B-590C-4204-A2E8-FEF742806ED9} = {654528D8-8763-4D3C-AC42-98B28FE1095B}
		{8B538952-33CF-4EF3-B1BE-FE2994EDD752} = {654528D8-8763-4D3C-AC42-98B28FE1095B}
		{374141D2-D389-4F29-A792-DCFE5104A609} = {749051B7-10BC-43AF-9C56-04CF88095863}
		{51B10979-C850-406C-9906-220E80C84196} = {749051B7-10BC-43AF-9C56-04CF88095863}
		{2F3B1EE4-44B3-4ED1-926C-81FBA17A88BF} = {7BCC0699-2643-40DA-B20C-CEAB001ACBB9}
		{C79D56AE-EFF9-4EC8-87C0-B0F6786B1BCF} = {7BCC0699-2643-40DA-B20C-CEAB001ACBB9}
		{314F056D-AC94-40C4-95C6-78A151BDB7D7} = {C79D56AE-EFF9-4EC8-87C0-B0F6786B1BCF}
		{83B8FDCF-C4CA-4A15-863F-B12AE908C9C5} = {654528D8-8763-4D3C-AC42-98B28FE1095B}
		{CB07D2C4-B5B4-4221-8891-65157A6154DA} = {749051B7-10BC-43AF-9C56-04CF88095863}
		{8A6D5264-CAEA-4353-ABB1-FA9905C74E3A} = {D2D2B1DA-2E9E-4DEF-BA42-DE2DD38D5DB3}
		{BF889EE8-832A-4A9F-9469-D9E0671997F2} = {7BCC0699-2643-40DA-B20C-CEAB001ACBB9}
	EndGlobalSection
EndGlobal
